
Microsoft Visual Studio Solution File, Format Version 12.00
# Visual Studio 15
VisualStudioVersion = 15.0.27703.2018
MinimumVisualStudioVersion = 10.0.40219.1
Project("{FAE04EC0-301F-11D3-BF4B-00C04F79EFBC}") = "PLL", "PLL\PLL.csproj", "{2CF96AC5-3F08-43B3-BE16-602A91E04D5C}"
EndProject
Project("{FAE04EC0-301F-11D3-BF4B-00C04F79EFBC}") = "DAL", "DAL\DAL.csproj", "{741BAF67-6D8B-47CA-BFA2-2DC92839CE67}"
EndProject
Project("{FAE04EC0-301F-11D3-BF4B-00C04F79EFBC}") = "BLL", "BLL\BLL.csproj", "{4A173F99-E4D3-4AA9-A9BA-F4EE13490F04}"
EndProject
Global
	GlobalSection(SolutionConfigurationPlatforms) = preSolution
		Debug|Any CPU = Debug|Any CPU
		Release|Any CPU = Release|Any CPU
	EndGlobalSection
	GlobalSection(ProjectConfigurationPlatforms) = postSolution
		{2CF96AC5-3F08-43B3-BE16-602A91E04D5C}.Debug|Any CPU.ActiveCfg = Debug|Any CPU
		{2CF96AC5-3F08-43B3-BE16-602A91E04D5C}.Debug|Any CPU.Build.0 = Debug|Any CPU
		{2CF96AC5-3F08-43B3-BE16-602A91E04D5C}.Release|Any CPU.ActiveCfg = Release|Any CPU
		{2CF96AC5-3F08-43B3-BE16-602A91E04D5C}.Release|Any CPU.Build.0 = Release|Any CPU
		{741BAF67-6D8B-47CA-BFA2-2DC92839CE67}.Debug|Any CPU.ActiveCfg = Debug|Any CPU
		{741BAF67-6D8B-47CA-BFA2-2DC92839CE67}.Debug|Any CPU.Build.0 = Debug|Any CPU
		{741BAF67-6D8B-47CA-BFA2-2DC92839CE67}.Release|Any CPU.ActiveCfg = Release|Any CPU
		{741BAF67-6D8B-47CA-BFA2-2DC92839CE67}.Release|Any CPU.Build.0 = Release|Any CPU
		{4A173F99-E4D3-4AA9-A9BA-F4EE13490F04}.Debug|Any CPU.ActiveCfg = Debug|Any CPU
		{4A173F99-E4D3-4AA9-A9BA-F4EE13490F04}.Debug|Any CPU.Build.0 = Debug|Any CPU
		{4A173F99-E4D3-4AA9-A9BA-F4EE13490F04}.Release|Any CPU.ActiveCfg = Release|Any CPU
		{4A173F99-E4D3-4AA9-A9BA-F4EE13490F04}.Release|Any CPU.Build.0 = Release|Any CPU
	EndGlobalSection
	GlobalSection(SolutionProperties) = preSolution
		HideSolutionNode = FALSE
	EndGlobalSection
	GlobalSection(ExtensibilityGlobals) = postSolution
		SolutionGuid = {7F39F9F6-8FD3-4599-B26E-8D6071C87034}
	EndGlobalSection
EndGlobal
